
Microsoft Visual Studio Solution File, Format Version 12.00
# Visual Studio Version 17
VisualStudioVersion = 17.14.36203.30 d17.14
MinimumVisualStudioVersion = 10.0.40219.1
Project("{FAE04EC0-301F-11D3-BF4B-00C04F79EFBC}") = "Telemarketing", "Telemarketing\Telemarketing.csproj", "{7D2C8967-411B-479F-9A2D-569C41016DEF}"
EndProject
Project("{FAE04EC0-301F-11D3-BF4B-00C04F79EFBC}") = "Telemarketing.Tests", "Telemarketing.Tests\Telemarketing.Tests.csproj", "{B866C42A-FC9F-4298-822F-0081D56FD3CD}"
EndProject
Global
	GlobalSection(SolutionConfigurationPlatforms) = preSolution
		Debug|Any CPU = Debug|Any CPU
		Release|Any CPU = Release|Any CPU
	EndGlobalSection
	GlobalSection(ProjectConfigurationPlatforms) = postSolution
		{7D2C8967-411B-479F-9A2D-569C41016DEF}.Debug|Any CPU.ActiveCfg = Debug|Any CPU
		{7D2C8967-411B-479F-9A2D-569C41016DEF}.Debug|Any CPU.Build.0 = Debug|Any CPU
		{7D2C8967-411B-479F-9A2D-569C41016DEF}.Release|Any CPU.ActiveCfg = Release|Any CPU
		{7D2C8967-411B-479F-9A2D-569C41016DEF}.Release|Any CPU.Build.0 = Release|Any CPU
		{B866C42A-FC9F-4298-822F-0081D56FD3CD}.Debug|Any CPU.ActiveCfg = Debug|Any CPU
		{B866C42A-FC9F-4298-822F-0081D56FD3CD}.Debug|Any CPU.Build.0 = Debug|Any CPU
		{B866C42A-FC9F-4298-822F-0081D56FD3CD}.Release|Any CPU.ActiveCfg = Release|Any CPU
		{B866C42A-FC9F-4298-822F-0081D56FD3CD}.Release|Any CPU.Build.0 = Release|Any CPU
	EndGlobalSection
	GlobalSection(SolutionProperties) = preSolution
		HideSolutionNode = FALSE
	EndGlobalSection
	GlobalSection(ExtensibilityGlobals) = postSolution
		SolutionGuid = {7F144297-9880-4560-8289-42944F47061E}
	EndGlobalSection
EndGlobal
